{
  "version": 4,
  "terraform_version": "1.5.2",
  "serial": 241,
  "lineage": "1be81637-3f46-cead-aa18-d7de6e936b4f",
  "outputs": {
    "external_ip_address_vm_1": {
      "value": "51.250.2.197",
      "type": "string"
    },
    "internal_ip_address_vm_1": {
      "value": "192.168.0.30",
      "type": "string"
    }
  },
  "resources": [
    {
      "mode": "managed",
      "type": "local_file",
      "name": "ip",
      "provider": "provider[\"registry.terraform.io/hashicorp/local\"]",
      "instances": [
        {
          "schema_version": 0,
          "attributes": {
            "content": "[nginx]\n51.250.2.197\n84.201.172.242\n",
            "content_base64": null,
            "content_base64sha256": "hymxq78bvCIvkZqPxiLIQG0q29IJdF/EbakxytAlBng=",
            "content_base64sha512": "/RLOdcZmSI35eqMxU5/jpggoxz1SYh+e/OJCFE3BuPX2qEpWSyQ0kbYMESq7bMtc2+Z7T+Z85DtkUiAz9OKlyg==",
            "content_md5": "c194fd7ac67a765c7a9413f6355fde53",
            "content_sha1": "491af80549575fc78083ec57cf70cf319ce4b087",
            "content_sha256": "8729b1abbf1bbc222f919a8fc622c8406d2adbd209745fc46da931cad0250678",
            "content_sha512": "fd12ce75c666488df97aa331539fe3a60828c73d52621f9efce242144dc1b8f5f6a84a564b243491b60c112abb6ccb5cdbe67b4fe67ce43b64522033f4e2a5ca",
            "directory_permission": "0777",
            "file_permission": "0777",
            "filename": "./deploy_nginx/hosts",
            "id": "491af80549575fc78083ec57cf70cf319ce4b087",
            "sensitive_content": null,
            "source": null
          },
          "sensitive_attributes": [],
          "dependencies": [
            "yandex_compute_instance.vm-1",
            "yandex_vpc_network.network-1",
            "yandex_vpc_subnet.subnet-1"
          ]
        }
      ]
    },
    {
      "mode": "managed",
      "type": "null_resource",
      "name": "step-1",
      "provider": "provider[\"registry.terraform.io/hashicorp/null\"]",
      "instances": [
        {
          "index_key": 0,
          "schema_version": 0,
          "attributes": {
            "id": "4666729868542516602",
            "triggers": null
          },
          "sensitive_attributes": [],
          "dependencies": [
            "local_file.ip",
            "yandex_compute_instance.vm-1",
            "yandex_vpc_network.network-1",
            "yandex_vpc_subnet.subnet-1"
          ]
        },
        {
          "index_key": 1,
          "schema_version": 0,
          "attributes": {
            "id": "8793457356039471990",
            "triggers": null
          },
          "sensitive_attributes": [],
          "dependencies": [
            "local_file.ip",
            "yandex_compute_instance.vm-1",
            "yandex_vpc_network.network-1",
            "yandex_vpc_subnet.subnet-1"
          ]
        }
      ]
    },
    {
      "mode": "managed",
      "type": "null_resource",
      "name": "step-2",
      "provider": "provider[\"registry.terraform.io/hashicorp/null\"]",
      "instances": [
        {
          "schema_version": 0,
          "attributes": {
            "id": "6802249568404865524",
            "triggers": null
          },
          "sensitive_attributes": [],
          "dependencies": [
            "local_file.ip",
            "null_resource.step-1",
            "yandex_compute_instance.vm-1",
            "yandex_vpc_network.network-1",
            "yandex_vpc_subnet.subnet-1"
          ]
        }
      ]
    },
    {
      "mode": "managed",
      "type": "yandex_compute_instance",
      "name": "vm-1",
      "provider": "provider[\"registry.terraform.io/yandex-cloud/yandex\"]",
      "instances": [
        {
          "index_key": 0,
          "schema_version": 1,
          "attributes": {
            "allow_recreate": null,
            "allow_stopping_for_update": true,
            "boot_disk": [
              {
                "auto_delete": true,
                "device_name": "fhmn2pf5o8lmq330rv3c",
                "disk_id": "fhmn2pf5o8lmq330rv3c",
                "initialize_params": [
                  {
                    "block_size": 4096,
                    "description": "",
                    "image_id": "fd8earpjmhevh8h6ug5o",
                    "name": "",
                    "size": 20,
                    "snapshot_id": "",
                    "type": "network-hdd"
                  }
                ],
                "mode": "READ_WRITE"
              }
            ],
            "created_at": "2023-10-07T11:29:04Z",
            "description": "",
            "filesystem": [],
            "folder_id": "b1g1bkd27i3li2dtnsa7",
            "fqdn": "fhm027hlbt708c0a3t6c.auto.internal",
            "gpu_cluster_id": "",
            "hostname": "",
            "id": "fhm027hlbt708c0a3t6c",
            "labels": null,
            "local_disk": [],
            "metadata": {
              "user-data": "#cloud-config\nusers:\n  - name: egushchin\n    groups: sudo\n    shell: /bin/bash\n    sudo: ['ALL=(ALL) NOPASSWD:ALL']\n    ssh-authorized-keys:\n      - ssh-ed25519 AAAAC3NzaC1lZDI1NTE5AAAAIAJw5qmPMY6PAeaB39fk8NnZ2gTGkJzA0qlV2J9flbEM egushchin@thumbtack.net\n"
            },
            "metadata_options": [
              {
                "aws_v1_http_endpoint": 1,
                "aws_v1_http_token": 2,
                "gce_http_endpoint": 1,
                "gce_http_token": 1
              }
            ],
            "name": "terraform-0",
            "network_acceleration_type": "standard",
            "network_interface": [
              {
                "dns_record": [],
                "index": 0,
                "ip_address": "192.168.0.30",
                "ipv4": true,
                "ipv6": false,
                "ipv6_address": "",
                "ipv6_dns_record": [],
                "mac_address": "d0:0d:11:e3:55:f4",
                "nat": true,
                "nat_dns_record": [],
                "nat_ip_address": "51.250.2.197",
                "nat_ip_version": "IPV4",
                "security_group_ids": [],
                "subnet_id": "e9be9n00al98k449raaf"
              }
            ],
            "placement_policy": [
              {
                "host_affinity_rules": [],
                "placement_group_id": ""
              }
            ],
            "platform_id": "standard-v3",
            "resources": [
              {
                "core_fraction": 100,
                "cores": 2,
                "gpus": 0,
                "memory": 2
              }
            ],
            "scheduling_policy": [
              {
                "preemptible": true
              }
            ],
            "secondary_disk": [],
            "service_account_id": "",
            "status": "running",
            "timeouts": null,
            "zone": "ru-central1-a"
          },
          "sensitive_attributes": [],
          "private": "eyJlMmJmYjczMC1lY2FhLTExZTYtOGY4OC0zNDM2M2JjN2M0YzAiOnsiY3JlYXRlIjozMDAwMDAwMDAwMDAsImRlbGV0ZSI6MzAwMDAwMDAwMDAwLCJ1cGRhdGUiOjMwMDAwMDAwMDAwMH0sInNjaGVtYV92ZXJzaW9uIjoiMSJ9",
          "dependencies": [
            "yandex_vpc_network.network-1",
            "yandex_vpc_subnet.subnet-1"
          ]
        },
        {
          "index_key": 1,
          "schema_version": 1,
          "attributes": {
            "allow_recreate": null,
            "allow_stopping_for_update": true,
            "boot_disk": [
              {
                "auto_delete": true,
                "device_name": "fhm59niatseht60sr98r",
                "disk_id": "fhm59niatseht60sr98r",
                "initialize_params": [
                  {
                    "block_size": 4096,
                    "description": "",
                    "image_id": "fd8earpjmhevh8h6ug5o",
                    "name": "",
                    "size": 20,
                    "snapshot_id": "",
                    "type": "network-hdd"
                  }
                ],
                "mode": "READ_WRITE"
              }
            ],
            "created_at": "2023-10-07T11:29:04Z",
            "description": "",
            "filesystem": [],
            "folder_id": "b1g1bkd27i3li2dtnsa7",
            "fqdn": "fhmc7ddbvqdlom2r3h3g.auto.internal",
            "gpu_cluster_id": "",
            "hostname": "",
            "id": "fhmc7ddbvqdlom2r3h3g",
            "labels": null,
            "local_disk": [],
            "metadata": {
              "user-data": "#cloud-config\nusers:\n  - name: egushchin\n    groups: sudo\n    shell: /bin/bash\n    sudo: ['ALL=(ALL) NOPASSWD:ALL']\n    ssh-authorized-keys:\n      - ssh-ed25519 AAAAC3NzaC1lZDI1NTE5AAAAIAJw5qmPMY6PAeaB39fk8NnZ2gTGkJzA0qlV2J9flbEM egushchin@thumbtack.net\n"
            },
            "metadata_options": [
              {
                "aws_v1_http_endpoint": 1,
                "aws_v1_http_token": 2,
                "gce_http_endpoint": 1,
                "gce_http_token": 1
              }
            ],
            "name": "terraform-1",
            "network_acceleration_type": "standard",
            "network_interface": [
              {
                "dns_record": [],
                "index": 0,
                "ip_address": "192.168.0.35",
                "ipv4": true,
                "ipv6": false,
                "ipv6_address": "",
                "ipv6_dns_record": [],
                "mac_address": "d0:0d:c3:b5:ab:fe",
                "nat": true,
                "nat_dns_record": [],
                "nat_ip_address": "84.201.172.242",
                "nat_ip_version": "IPV4",
                "security_group_ids": [],
                "subnet_id": "e9be9n00al98k449raaf"
              }
            ],
            "placement_policy": [
              {
                "host_affinity_rules": [],
                "placement_group_id": ""
              }
            ],
            "platform_id": "standard-v3",
            "resources": [
              {
                "core_fraction": 100,
                "cores": 2,
                "gpus": 0,
                "memory": 2
              }
            ],
            "scheduling_policy": [
              {
                "preemptible": true
              }
            ],
            "secondary_disk": [],
            "service_account_id": "",
            "status": "running",
            "timeouts": null,
            "zone": "ru-central1-a"
          },
          "sensitive_attributes": [],
          "private": "eyJlMmJmYjczMC1lY2FhLTExZTYtOGY4OC0zNDM2M2JjN2M0YzAiOnsiY3JlYXRlIjozMDAwMDAwMDAwMDAsImRlbGV0ZSI6MzAwMDAwMDAwMDAwLCJ1cGRhdGUiOjMwMDAwMDAwMDAwMH0sInNjaGVtYV92ZXJzaW9uIjoiMSJ9",
          "dependencies": [
            "yandex_vpc_network.network-1",
            "yandex_vpc_subnet.subnet-1"
          ]
        }
      ]
    },
    {
      "mode": "managed",
      "type": "yandex_lb_network_load_balancer",
      "name": "netology-balancer",
      "provider": "provider[\"registry.terraform.io/yandex-cloud/yandex\"]",
      "instances": [
        {
          "schema_version": 0,
          "attributes": {
            "attached_target_group": [
              {
                "healthcheck": [
                  {
                    "healthy_threshold": 2,
                    "http_options": [
                      {
                        "path": "/ping",
                        "port": 80
                      }
                    ],
                    "interval": 2,
                    "name": "http",
                    "tcp_options": [],
                    "timeout": 1,
                    "unhealthy_threshold": 2
                  }
                ],
                "target_group_id": "enp1tckq16sf5gjhtg6v"
              }
            ],
            "created_at": "2023-10-07T11:29:45Z",
            "deletion_protection": false,
            "description": "",
            "folder_id": "b1g1bkd27i3li2dtnsa7",
            "id": "enppg0pv9dd614jgjg5t",
            "labels": null,
            "listener": [
              {
                "external_address_spec": [
                  {
                    "address": "51.250.84.126",
                    "ip_version": "ipv4"
                  }
                ],
                "internal_address_spec": [],
                "name": "netology-listener",
                "port": 80,
                "protocol": "tcp",
                "target_port": 80
              }
            ],
            "name": "netology-balancer",
            "region_id": "ru-central1",
            "timeouts": null,
            "type": "external"
          },
          "sensitive_attributes": [],
          "private": "eyJlMmJmYjczMC1lY2FhLTExZTYtOGY4OC0zNDM2M2JjN2M0YzAiOnsiY3JlYXRlIjozMDAwMDAwMDAwMDAsImRlbGV0ZSI6MzAwMDAwMDAwMDAwLCJ1cGRhdGUiOjMwMDAwMDAwMDAwMH19",
          "dependencies": [
            "yandex_compute_instance.vm-1",
            "yandex_lb_target_group.group-n",
            "yandex_vpc_network.network-1",
            "yandex_vpc_subnet.subnet-1"
          ]
        }
      ]
    },
    {
      "mode": "managed",
      "type": "yandex_lb_target_group",
      "name": "group-n",
      "provider": "provider[\"registry.terraform.io/yandex-cloud/yandex\"]",
      "instances": [
        {
          "schema_version": 0,
          "attributes": {
            "created_at": "2023-10-07T11:29:42Z",
            "description": "",
            "folder_id": "b1g1bkd27i3li2dtnsa7",
            "id": "enp1tckq16sf5gjhtg6v",
            "labels": null,
            "name": "netology-group",
            "region_id": "ru-central1",
            "target": [
              {
                "address": "192.168.0.30",
                "subnet_id": "e9be9n00al98k449raaf"
              },
              {
                "address": "192.168.0.35",
                "subnet_id": "e9be9n00al98k449raaf"
              }
            ],
            "timeouts": null
          },
          "sensitive_attributes": [],
          "private": "eyJlMmJmYjczMC1lY2FhLTExZTYtOGY4OC0zNDM2M2JjN2M0YzAiOnsiY3JlYXRlIjozMDAwMDAwMDAwMDAsImRlbGV0ZSI6MzAwMDAwMDAwMDAwLCJ1cGRhdGUiOjMwMDAwMDAwMDAwMH19",
          "dependencies": [
            "yandex_compute_instance.vm-1",
            "yandex_vpc_network.network-1",
            "yandex_vpc_subnet.subnet-1"
          ]
        }
      ]
    },
    {
      "mode": "managed",
      "type": "yandex_vpc_network",
      "name": "network-1",
      "provider": "provider[\"registry.terraform.io/yandex-cloud/yandex\"]",
      "instances": [
        {
          "schema_version": 0,
          "attributes": {
            "created_at": "2023-10-07T11:29:00Z",
            "default_security_group_id": "enp7vojp8l7bd25lcbua",
            "description": "",
            "folder_id": "b1g1bkd27i3li2dtnsa7",
            "id": "enphjluned82cj2f42jt",
            "labels": {},
            "name": "network1",
            "subnet_ids": [],
            "timeouts": null
          },
          "sensitive_attributes": [],
          "private": "eyJlMmJmYjczMC1lY2FhLTExZTYtOGY4OC0zNDM2M2JjN2M0YzAiOnsiY3JlYXRlIjo2MDAwMDAwMDAwMCwiZGVsZXRlIjo2MDAwMDAwMDAwMCwidXBkYXRlIjo2MDAwMDAwMDAwMH19"
        }
      ]
    },
    {
      "mode": "managed",
      "type": "yandex_vpc_subnet",
      "name": "subnet-1",
      "provider": "provider[\"registry.terraform.io/yandex-cloud/yandex\"]",
      "instances": [
        {
          "schema_version": 0,
          "attributes": {
            "created_at": "2023-10-07T11:29:02Z",
            "description": "",
            "dhcp_options": [],
            "folder_id": "b1g1bkd27i3li2dtnsa7",
            "id": "e9be9n00al98k449raaf",
            "labels": {},
            "name": "subnet1",
            "network_id": "enphjluned82cj2f42jt",
            "route_table_id": "",
            "timeouts": null,
            "v4_cidr_blocks": [
              "192.168.0.0/24"
            ],
            "v6_cidr_blocks": [],
            "zone": "ru-central1-a"
          },
          "sensitive_attributes": [],
          "private": "eyJlMmJmYjczMC1lY2FhLTExZTYtOGY4OC0zNDM2M2JjN2M0YzAiOnsiY3JlYXRlIjoxODAwMDAwMDAwMDAsImRlbGV0ZSI6MTgwMDAwMDAwMDAwLCJ1cGRhdGUiOjE4MDAwMDAwMDAwMH19",
          "dependencies": [
            "yandex_vpc_network.network-1"
          ]
        }
      ]
    }
  ],
  "check_results": null
}
